
Microsoft Visual Studio Solution File, Format Version 12.00
# Visual Studio Version 17
VisualStudioVersion = 17.9.34622.214
MinimumVisualStudioVersion = 10.0.40219.1
Project("{FAE04EC0-301F-11D3-BF4B-00C04F79EFBC}") = "JUNG HYEON APP", "JUNG HYEON APP\JUNG HYEON APP.csproj", "{77687ECD-3F4E-429D-B5DC-7A11EDE92F0C}"
EndProject
Global
	GlobalSection(SolutionConfigurationPlatforms) = preSolution
		Debug|Any CPU = Debug|Any CPU
		Release|Any CPU = Release|Any CPU
	EndGlobalSection
	GlobalSection(ProjectConfigurationPlatforms) = postSolution
		{77687ECD-3F4E-429D-B5DC-7A11EDE92F0C}.Debug|Any CPU.ActiveCfg = Debug|Any CPU
		{77687ECD-3F4E-429D-B5DC-7A11EDE92F0C}.Debug|Any CPU.Build.0 = Debug|Any CPU
		{77687ECD-3F4E-429D-B5DC-7A11EDE92F0C}.Release|Any CPU.ActiveCfg = Release|Any CPU
		{77687ECD-3F4E-429D-B5DC-7A11EDE92F0C}.Release|Any CPU.Build.0 = Release|Any CPU
	EndGlobalSection
	GlobalSection(SolutionProperties) = preSolution
		HideSolutionNode = FALSE
	EndGlobalSection
	GlobalSection(ExtensibilityGlobals) = postSolution
		SolutionGuid = {1A2EDDC3-1BB9-42A5-9A6A-CA106F94A255}
	EndGlobalSection
EndGlobal
